
Microsoft Visual Studio Solution File, Format Version 12.00
# Visual Studio Version 17
VisualStudioVersion = 17.3.32922.545
MinimumVisualStudioVersion = 10.0.40219.1
Project("{FAE04EC0-301F-11D3-BF4B-00C04F79EFBC}") = "Lab12_CheckedTask", "Lab12_ChackedTask\Lab12_CheckedTask.csproj", "{5106EDF5-9687-46CF-9ADE-BBCF92E2F417}"
EndProject
Global
	GlobalSection(SolutionConfigurationPlatforms) = preSolution
		Debug|Any CPU = Debug|Any CPU
		Release|Any CPU = Release|Any CPU
	EndGlobalSection
	GlobalSection(ProjectConfigurationPlatforms) = postSolution
		{5106EDF5-9687-46CF-9ADE-BBCF92E2F417}.Debug|Any CPU.ActiveCfg = Debug|Any CPU
		{5106EDF5-9687-46CF-9ADE-BBCF92E2F417}.Debug|Any CPU.Build.0 = Debug|Any CPU
		{5106EDF5-9687-46CF-9ADE-BBCF92E2F417}.Release|Any CPU.ActiveCfg = Release|Any CPU
		{5106EDF5-9687-46CF-9ADE-BBCF92E2F417}.Release|Any CPU.Build.0 = Release|Any CPU
	EndGlobalSection
	GlobalSection(SolutionProperties) = preSolution
		HideSolutionNode = FALSE
	EndGlobalSection
	GlobalSection(ExtensibilityGlobals) = postSolution
		SolutionGuid = {C5890855-7662-47AA-8BCE-F4E6694BA892}
	EndGlobalSection
EndGlobal
